
Microsoft Visual Studio Solution File, Format Version 12.00
# Visual Studio Version 16
VisualStudioVersion = 16.0.30621.155
MinimumVisualStudioVersion = 10.0.40219.1
Project("{FAE04EC0-301F-11D3-BF4B-00C04F79EFBC}") = "MatrixOperations", "MatrixOperations\MatrixOperations.csproj", "{C7B0DE81-0456-4006-90F2-FCDBE8D48360}"
EndProject
Project("{FAE04EC0-301F-11D3-BF4B-00C04F79EFBC}") = "MatrixOperationsUI", "MatrixOperationsUI\MatrixOperationsUI.csproj", "{D569F688-2FD4-4904-BBB2-7B58CCAD6EE7}"
EndProject
Project("{FAE04EC0-301F-11D3-BF4B-00C04F79EFBC}") = "Form1", "Form1\Form1.csproj", "{A32B96C4-8287-4473-B4D6-B1FB126B634F}"
EndProject
Project("{FAE04EC0-301F-11D3-BF4B-00C04F79EFBC}") = "LINII", "LINII\LINII.csproj", "{19CECC64-FF8E-463D-B114-3620254DDFC9}"
EndProject
Global
	GlobalSection(SolutionConfigurationPlatforms) = preSolution
		Debug|Any CPU = Debug|Any CPU
		Release|Any CPU = Release|Any CPU
	EndGlobalSection
	GlobalSection(ProjectConfigurationPlatforms) = postSolution
		{C7B0DE81-0456-4006-90F2-FCDBE8D48360}.Debug|Any CPU.ActiveCfg = Debug|Any CPU
		{C7B0DE81-0456-4006-90F2-FCDBE8D48360}.Debug|Any CPU.Build.0 = Debug|Any CPU
		{C7B0DE81-0456-4006-90F2-FCDBE8D48360}.Release|Any CPU.ActiveCfg = Release|Any CPU
		{C7B0DE81-0456-4006-90F2-FCDBE8D48360}.Release|Any CPU.Build.0 = Release|Any CPU
		{D569F688-2FD4-4904-BBB2-7B58CCAD6EE7}.Debug|Any CPU.ActiveCfg = Debug|Any CPU
		{D569F688-2FD4-4904-BBB2-7B58CCAD6EE7}.Debug|Any CPU.Build.0 = Debug|Any CPU
		{D569F688-2FD4-4904-BBB2-7B58CCAD6EE7}.Release|Any CPU.ActiveCfg = Release|Any CPU
		{D569F688-2FD4-4904-BBB2-7B58CCAD6EE7}.Release|Any CPU.Build.0 = Release|Any CPU
		{A32B96C4-8287-4473-B4D6-B1FB126B634F}.Debug|Any CPU.ActiveCfg = Debug|Any CPU
		{A32B96C4-8287-4473-B4D6-B1FB126B634F}.Debug|Any CPU.Build.0 = Debug|Any CPU
		{A32B96C4-8287-4473-B4D6-B1FB126B634F}.Release|Any CPU.ActiveCfg = Release|Any CPU
		{A32B96C4-8287-4473-B4D6-B1FB126B634F}.Release|Any CPU.Build.0 = Release|Any CPU
		{19CECC64-FF8E-463D-B114-3620254DDFC9}.Debug|Any CPU.ActiveCfg = Debug|Any CPU
		{19CECC64-FF8E-463D-B114-3620254DDFC9}.Debug|Any CPU.Build.0 = Debug|Any CPU
		{19CECC64-FF8E-463D-B114-3620254DDFC9}.Release|Any CPU.ActiveCfg = Release|Any CPU
		{19CECC64-FF8E-463D-B114-3620254DDFC9}.Release|Any CPU.Build.0 = Release|Any CPU
	EndGlobalSection
	GlobalSection(SolutionProperties) = preSolution
		HideSolutionNode = FALSE
	EndGlobalSection
	GlobalSection(ExtensibilityGlobals) = postSolution
		SolutionGuid = {DC80ABAA-503B-4899-A8E8-C153EA918B6E}
	EndGlobalSection
EndGlobal
